// !$*UTF8*$!
{
	archiveVersion = 1;
	classes = {
	};
	objectVersion = 50;
	objects = {

/* Begin PBXBuildFile section */
		5900C0F422B33353007B13E5 /* AppDelegate.swift in Sources */ = {isa = PBXBuildFile; fileRef = 5900C0F322B33353007B13E5 /* AppDelegate.swift */; };
		5900C0F622B33353007B13E5 /* ViewController.swift in Sources */ = {isa = PBXBuildFile; fileRef = 5900C0F522B33353007B13E5 /* ViewController.swift */; };
		5900C0F922B33353007B13E5 /* Main.storyboard in Resources */ = {isa = PBXBuildFile; fileRef = 5900C0F722B33353007B13E5 /* Main.storyboard */; };
		5900C0FB22B33354007B13E5 /* Assets.xcassets in Resources */ = {isa = PBXBuildFile; fileRef = 5900C0FA22B33354007B13E5 /* Assets.xcassets */; };
		5900C0FE22B33354007B13E5 /* LaunchScreen.storyboard in Resources */ = {isa = PBXBuildFile; fileRef = 5900C0FC22B33354007B13E5 /* LaunchScreen.storyboard */; };
		5900C10622B3338B007B13E5 /* Extension+UIColor.swift in Sources */ = {isa = PBXBuildFile; fileRef = 5900C10522B3338B007B13E5 /* Extension+UIColor.swift */; };
		5900C10822B33951007B13E5 /* Extension+UITableview.swift in Sources */ = {isa = PBXBuildFile; fileRef = 5900C10722B33951007B13E5 /* Extension+UITableview.swift */; };
/* End PBXBuildFile section */

/* Begin PBXFileReference section */
		5900C0F022B33352007B13E5 /* SwiftExtensionSample.app */ = {isa = PBXFileReference; explicitFileType = wrapper.application; includeInIndex = 0; path = SwiftExtensionSample.app; sourceTree = BUILT_PRODUCTS_DIR; };
		5900C0F322B33353007B13E5 /* AppDelegate.swift */ = {isa = PBXFileReference; lastKnownFileType = sourcecode.swift; path = AppDelegate.swift; sourceTree = "<group>"; };
		5900C0F522B33353007B13E5 /* ViewController.swift */ = {isa = PBXFileReference; lastKnownFileType = sourcecode.swift; path = ViewController.swift; sourceTree = "<group>"; };
		5900C0F822B33353007B13E5 /* Base */ = {isa = PBXFileReference; lastKnownFileType = file.storyboard; name = Base; path = Base.lproj/Main.storyboard; sourceTree = "<group>"; };
		5900C0FA22B33354007B13E5 /* Assets.xcassets */ = {isa = PBXFileReference; lastKnownFileType = folder.assetcatalog; path = Assets.xcassets; sourceTree = "<group>"; };
		5900C0FD22B33354007B13E5 /* Base */ = {isa = PBXFileReference; lastKnownFileType = file.storyboard; name = Base; path = Base.lproj/LaunchScreen.storyboard; sourceTree = "<group>"; };
		5900C0FF22B33354007B13E5 /* Info.plist */ = {isa = PBXFileReference; lastKnownFileType = text.plist.xml; path = Info.plist; sourceTree = "<group>"; };
		5900C10522B3338B007B13E5 /* Extension+UIColor.swift */ = {isa = PBXFileReference; lastKnownFileType = sourcecode.swift; path = "Extension+UIColor.swift"; sourceTree = "<group>"; };
		5900C10722B33951007B13E5 /* Extension+UITableview.swift */ = {isa = PBXFileReference; lastKnownFileType = sourcecode.swift; path = "Extension+UITableview.swift"; sourceTree = "<group>"; };
/* End PBXFileReference section */

/* Begin PBXFrameworksBuildPhase section */
		5900C0ED22B33352007B13E5 /* Frameworks */ = {
			isa = PBXFrameworksBuildPhase;
			buildActionMask = 2147483647;
			files = (
			);
			runOnlyForDeploymentPostprocessing = 0;
		};
/* End PBXFrameworksBuildPhase section */

/* Begin PBXGroup section */
		5900C0E722B33352007B13E5 = {
			isa = PBXGroup;
			children = (
				5900C0F222B33352007B13E5 /* SwiftExtensionSample */,
				5900C0F122B33352007B13E5 /* Products */,
			);
			sourceTree = "<group>";
		};
		5900C0F122B33352007B13E5 /* Products */ = {
			isa = PBXGroup;
			children = (
				5900C0F022B33352007B13E5 /* SwiftExtensionSample.app */,
			);
			name = Products;
			sourceTree = "<group>";
		};
		5900C0F222B33352007B13E5 /* SwiftExtensionSample */ = {
			isa = PBXGroup;
			children = (
				5900C0F322B33353007B13E5 /* AppDelegate.swift */,
				5900C0F522B33353007B13E5 /* ViewController.swift */,
				5900C0F722B33353007B13E5 /* Main.storyboard */,
				5900C0FA22B33354007B13E5 /* Assets.xcassets */,
				5900C0FC22B33354007B13E5 /* LaunchScreen.storyboard */,
				5900C0FF22B33354007B13E5 /* Info.plist */,
				5900C10522B3338B007B13E5 /* Extension+UIColor.swift */,
				5900C10722B33951007B13E5 /* Extension+UITableview.swift */,
			);
			path = SwiftExtensionSample;
			sourceTree = "<group>";
		};
/* End PBXGroup section */

/* Begin PBXNativeTarget section */
		5900C0EF22B33352007B13E5 /* SwiftExtensionSample */ = {
			isa = PBXNativeTarget;
			buildConfigurationList = 5900C10222B33354007B13E5 /* Build configuration list for PBXNativeTarget "SwiftExtensionSample" */;
			buildPhases = (
				5900C0EC22B33352007B13E5 /* Sources */,
				5900C0ED22B33352007B13E5 /* Frameworks */,
				5900C0EE22B33352007B13E5 /* Resources */,
			);
			buildRules = (
			);
			dependencies = (
			);
			name = SwiftExtensionSample;
			productName = SwiftExtensionSample;
			productReference = 5900C0F022B33352007B13E5 /* SwiftExtensionSample.app */;
			productType = "com.apple.product-type.application";
		};
/* End PBXNativeTarget section */

/* Begin PBXProject section */
		5900C0E822B33352007B13E5 /* Project object */ = {
			isa = PBXProject;
			attributes = {
				LastSwiftUpdateCheck = 1020;
				LastUpgradeCheck = 1020;
				ORGANIZATIONNAME = Noel;
				TargetAttributes = {
					5900C0EF22B33352007B13E5 = {
						CreatedOnToolsVersion = 10.2.1;
					};
				};
			};
			buildConfigurationList = 5900C0EB22B33352007B13E5 /* Build configuration list for PBXProject "SwiftExtensionSample" */;
			compatibilityVersion = "Xcode 9.3";
			developmentRegion = en;
			hasScannedForEncodings = 0;
			knownRegions = (
				en,
				Base,
			);
			mainGroup = 5900C0E722B33352007B13E5;
			productRefGroup = 5900C0F122B33352007B13E5 /* Products */;
			projectDirPath = "";
			projectRoot = "";
			targets = (
				5900C0EF22B33352007B13E5 /* SwiftExtensionSample */,
			);
		};
/* End PBXProject section */

/* Begin PBXResourcesBuildPhase section */
		5900C0EE22B33352007B13E5 /* Resources */ = {
			isa = PBXResourcesBuildPhase;
			buildActionMask = 2147483647;
			files = (
				5900C0FE22B33354007B13E5 /* LaunchScreen.storyboard in Resources */,
				5900C0FB22B33354007B13E5 /* Assets.xcassets in Resources */,
				5900C0F922B33353007B13E5 /* Main.storyboard in Resources */,
			);
			runOnlyForDeploymentPostprocessing = 0;
		};
/* End PBXResourcesBuildPhase section */

/* Begin PBXSourcesBuildPhase section */
		5900C0EC22B33352007B13E5 /* Sources */ = {
			isa = PBXSourcesBuildPhase;
			buildActionMask = 2147483647;
			files = (
				5900C0F622B33353007B13E5 /* ViewController.swift in Sources */,
				5900C0F422B33353007B13E5 /* AppDelegate.swift in Sources */,
				5900C10622B3338B007B13E5 /* Extension+UIColor.swift in Sources */,
				5900C10822B33951007B13E5 /* Extension+UITableview.swift in Sources */,
			);
			runOnlyForDeploymentPostprocessing = 0;
		};
/* End PBXSourcesBuildPhase section */

/* Begin PBXVariantGroup section */
		5900C0F722B33353007B13E5 /* Main.storyboard */ = {
			isa = PBXVariantGroup;
			children = (
				5900C0F822B33353007B13E5 /* Base */,
			);
			name = Main.storyboard;
			sourceTree = "<group>";
		};
		5900C0FC22B33354007B13E5 /* LaunchScreen.storyboard */ = {
			isa = PBXVariantGroup;
			children = (
				5900C0FD22B33354007B13E5 /* Base */,
			);
			name = LaunchScreen.storyboard;
			sourceTree = "<group>";
		};
/* End PBXVariantGroup section */

/* Begin XCBuildConfiguration section */
		5900C10022B33354007B13E5 /* Debug */ = {
			isa = XCBuildConfiguration;
			buildSettings = {
				ALWAYS_SEARCH_USER_PATHS = NO;
				CLANG_ANALYZER_NONNULL = YES;
				CLANG_ANALYZER_NUMBER_OBJECT_CONVERSION = YES_AGGRESSIVE;
				CLANG_CXX_LANGUAGE_STANDARD = "gnu++14";
				CLANG_CXX_LIBRARY = "libc++";
				CLANG_ENABLE_MODULES = YES;
				CLANG_ENABLE_OBJC_ARC = YES;
				CLANG_ENABLE_OBJC_WEAK = YES;
				CLANG_WARN_BLOCK_CAPTURE_AUTORELEASING = YES;
				CLANG_WARN_BOOL_CONVERSION = YES;
				CLANG_WARN_COMMA = YES;
				CLANG_WARN_CONSTANT_CONVERSION = YES;
				CLANG_WARN_DEPRECATED_OBJC_IMPLEMENTATIONS = YES;
				CLANG_WARN_DIRECT_OBJC_ISA_USAGE = YES_ERROR;
				CLANG_WARN_DOCUMENTATION_COMMENTS = YES;
				CLANG_WARN_EMPTY_BODY = YES;
				CLANG_WARN_ENUM_CONVERSION = YES;
				CLANG_WARN_INFINITE_RECURSION = YES;
				CLANG_WARN_INT_CONVERSION = YES;
				CLANG_WARN_NON_LITERAL_NULL_CONVERSION = YES;
				CLANG_WARN_OBJC_IMPLICIT_RETAIN_SELF = YES;
				CLANG_WARN_OBJC_LITERAL_CONVERSION = YES;
				CLANG_WARN_OBJC_ROOT_CLASS = YES_ERROR;
				CLANG_WARN_RANGE_LOOP_ANALYSIS = YES;
				CLANG_WARN_STRICT_PROTOTYPES = YES;
				CLANG_WARN_SUSPICIOUS_MOVE = YES;
				CLANG_WARN_UNGUARDED_AVAILABILITY = YES_AGGRESSIVE;
				CLANG_WARN_UNREACHABLE_CODE = YES;
				CLANG_WARN__DUPLICATE_METHOD_MATCH = YES;
				CODE_SIGN_IDENTITY = "iPhone Developer";
				COPY_PHASE_STRIP = NO;
				DEBUG_INFORMATION_FORMAT = dwarf;
				ENABLE_STRICT_OBJC_MSGSEND = YES;
				ENABLE_TESTABILITY = YES;
				GCC_C_LANGUAGE_STANDARD = gnu11;
				GCC_DYNAMIC_NO_PIC = NO;
				GCC_NO_COMMON_BLOCKS = YES;
				GCC_OPTIMIZATION_LEVEL = 0;
				GCC_PREPROCESSOR_DEFINITIONS = (
					"DEBUG=1",
					"$(inherited)",
				);
				GCC_WARN_64_TO_32_BIT_CONVERSION = YES;
				GCC_WARN_ABOUT_RETURN_TYPE = YES_ERROR;
				GCC_WARN_UNDECLARED_SELECTOR = YES;
				GCC_WARN_UNINITIALIZED_AUTOS = YES_AGGRESSIVE;
				GCC_WARN_UNUSED_FUNCTION = YES;
				GCC_WARN_UNUSED_VARIABLE = YES;
				IPHONEOS_DEPLOYMENT_TARGET = 12.2;
				MTL_ENABLE_DEBUG_INFO = INCLUDE_SOURCE;
				MTL_FAST_MATH = YES;
				ONLY_ACTIVE_ARCH = YES;
				SDKROOT = iphoneos;
				SWIFT_ACTIVE_COMPILATION_CONDITIONS = DEBUG;
				SWIFT_OPTIMIZATION_LEVEL = "-Onone";
			};
			name = Debug;
		};
		5900C10122B33354007B13E5 /* Release */ = {
			isa = XCBuildConfiguration;
			buildSettings = {
				ALWAYS_SEARCH_USER_PATHS = NO;
				CLANG_ANALYZER_NONNULL = YES;
				CLANG_ANALYZER_NUMBER_OBJECT_CONVERSION = YES_AGGRESSIVE;
				CLANG_CXX_LANGUAGE_STANDARD = "gnu++14";
				CLANG_CXX_LIBRARY = "libc++";
				CLANG_ENABLE_MODULES = YES;
				CLANG_ENABLE_OBJC_ARC = YES;
				CLANG_ENABLE_OBJC_WEAK = YES;
				CLANG_WARN_BLOCK_CAPTURE_AUTORELEASING = YES;
				CLANG_WARN_BOOL_CONVERSION = YES;
				CLANG_WARN_COMMA = YES;
				CLANG_WARN_CONSTANT_CONVERSION = YES;
				CLANG_WARN_DEPRECATED_OBJC_IMPLEMENTATIONS = YES;
				CLANG_WARN_DIRECT_OBJC_ISA_USAGE = YES_ERROR;
				CLANG_WARN_DOCUMENTATION_COMMENTS = YES;
				CLANG_WARN_EMPTY_BODY = YES;
				CLANG_WARN_ENUM_CONVERSION = YES;
				CLANG_WARN_INFINITE_RECURSION = YES;
				CLANG_WARN_INT_CONVERSION = YES;
				CLANG_WARN_NON_LITERAL_NULL_CONVERSION = YES;
				CLANG_WARN_OBJC_IMPLICIT_RETAIN_SELF = YES;
				CLANG_WARN_OBJC_LITERAL_CONVERSION = YES;
				CLANG_WARN_OBJC_ROOT_CLASS = YES_ERROR;
				CLANG_WARN_RANGE_LOOP_ANALYSIS = YES;
				CLANG_WARN_STRICT_PROTOTYPES = YES;
				CLANG_WARN_SUSPICIOUS_MOVE = YES;
				CLANG_WARN_UNGUARDED_AVAILABILITY = YES_AGGRESSIVE;
				CLANG_WARN_UNREACHABLE_CODE = YES;
				CLANG_WARN__DUPLICATE_METHOD_MATCH = YES;
				CODE_SIGN_IDENTITY = "iPhone Developer";
				COPY_PHASE_STRIP = NO;
				DEBUG_INFORMATION_FORMAT = "dwarf-with-dsym";
				ENABLE_NS_ASSERTIONS = NO;
				ENABLE_STRICT_OBJC_MSGSEND = YES;
				GCC_C_LANGUAGE_STANDARD = gnu11;
				GCC_NO_COMMON_BLOCKS = YES;
				GCC_WARN_64_TO_32_BIT_CONVERSION = YES;
				GCC_WARN_ABOUT_RETURN_TYPE = YES_ERROR;
				GCC_WARN_UNDECLARED_SELECTOR = YES;
				GCC_WARN_UNINITIALIZED_AUTOS = YES_AGGRESSIVE;
				GCC_WARN_UNUSED_FUNCTION = YES;
				GCC_WARN_UNUSED_VARIABLE = YES;
				IPHONEOS_DEPLOYMENT_TARGET = 12.2;
				MTL_ENABLE_DEBUG_INFO = NO;
				MTL_FAST_MATH = YES;
				SDKROOT = iphoneos;
				SWIFT_COMPILATION_MODE = wholemodule;
				SWIFT_OPTIMIZATION_LEVEL = "-O";
				VALIDATE_PRODUCT = YES;
			};
			name = Release;
		};
		5900C10322B33354007B13E5 /* Debug */ = {
			isa = XCBuildConfiguration;
			buildSettings = {
				ASSETCATALOG_COMPILER_APPICON_NAME = AppIcon;
				CODE_SIGN_STYLE = Automatic;
				DEVELOPMENT_TEAM = 3XYH3648U6;
				INFOPLIST_FILE = SwiftExtensionSample/Info.plist;
				LD_RUNPATH_SEARCH_PATHS = (
					"$(inherited)",
					"@executable_path/Frameworks",
				);
				PRODUCT_BUNDLE_IDENTIFIER = tw.com.noel.SwiftExtensionSample;
				PRODUCT_NAME = "$(TARGET_NAME)";
				SWIFT_VERSION = 5.0;
				TARGETED_DEVICE_FAMILY = "1,2";
			};
			name = Debug;
		};
		5900C10422B33354007B13E5 /* Release */ = {
			isa = XCBuildConfiguration;
			buildSettings = {
				ASSETCATALOG_COMPILER_APPICON_NAME = AppIcon;
				CODE_SIGN_STYLE = Automatic;
				DEVELOPMENT_TEAM = 3XYH3648U6;
				INFOPLIST_FILE = SwiftExtensionSample/Info.plist;
				LD_RUNPATH_SEARCH_PATHS = (
					"$(inherited)",
					"@executable_path/Frameworks",
				);
				PRODUCT_BUNDLE_IDENTIFIER = tw.com.noel.SwiftExtensionSample;
				PRODUCT_NAME = "$(TARGET_NAME)";
				SWIFT_VERSION = 5.0;
				TARGETED_DEVICE_FAMILY = "1,2";
			};
			name = Release;
		};
/* End XCBuildConfiguration section */

/* Begin XCConfigurationList section */
		5900C0EB22B33352007B13E5 /* Build configuration list for PBXProject "SwiftExtensionSample" */ = {
			isa = XCConfigurationList;
			buildConfigurations = (
				5900C10022B33354007B13E5 /* Debug */,
				5900C10122B33354007B13E5 /* Release */,
			);
			defaultConfigurationIsVisible = 0;
			defaultConfigurationName = Release;
		};
		5900C10222B33354007B13E5 /* Build configuration list for PBXNativeTarget "SwiftExtensionSample" */ = {
			isa = XCConfigurationList;
			buildConfigurations = (
				5900C10322B33354007B13E5 /* Debug */,
				5900C10422B33354007B13E5 /* Release */,
			);
			defaultConfigurationIsVisible = 0;
			defaultConfigurationName = Release;
		};
/* End XCConfigurationList section */
	};
	rootObject = 5900C0E822B33352007B13E5 /* Project object */;
}
